# This file is generated by running "yarn install" inside your project.
# Manual changes might be lost - proceed with caution!

__metadata:
  version: 8
  cacheKey: 10c0

"array-timsort@npm:^1.0.3":
  version: 1.0.3
  resolution: "array-timsort@npm:1.0.3"
  checksum: 10c0/bd3a1707b621947265c89867e67c9102b9b9f4c50f5b3974220112290d8b60d26ce60595edec5deed3325207b759d70b758bed3cd310b5ddadb835657ffb6d12
  languageName: node
  linkType: hard

"comment-json@npm:^4.2.5":
  version: 4.2.5
  resolution: "comment-json@npm:4.2.5"
  dependencies:
    array-timsort: "npm:^1.0.3"
    core-util-is: "npm:^1.0.3"
    esprima: "npm:^4.0.1"
    has-own-prop: "npm:^2.0.0"
    repeat-string: "npm:^1.6.1"
  checksum: 10c0/e22f13f18fcc484ac33c8bc02a3d69c3f9467ae5063fdfb3df7735f83a8d9a2cab6a32b7d4a0c53123413a9577de8e17c8cc88369c433326799558febb34ef9c
  languageName: node
  linkType: hard

"core-util-is@npm:^1.0.3":
  version: 1.0.3
  resolution: "core-util-is@npm:1.0.3"
  checksum: 10c0/90a0e40abbddfd7618f8ccd63a74d88deea94e77d0e8dbbea059fa7ebebb8fbb4e2909667fe26f3a467073de1a542ebe6ae4c73a73745ac5833786759cd906c9
  languageName: node
  linkType: hard

"esprima@npm:^4.0.1":
  version: 4.0.1
  resolution: "esprima@npm:4.0.1"
  bin:
    esparse: ./bin/esparse.js
    esvalidate: ./bin/esvalidate.js
  checksum: 10c0/ad4bab9ead0808cf56501750fd9d3fb276f6b105f987707d059005d57e182d18a7c9ec7f3a01794ebddcca676773e42ca48a32d67a250c9d35e009ca613caba3
  languageName: node
  linkType: hard

"has-own-prop@npm:^2.0.0":
  version: 2.0.0
  resolution: "has-own-prop@npm:2.0.0"
  checksum: 10c0/2745497283d80228b5c5fbb8c63ab1029e604bce7db8d4b36255e427b3695b2153dc978b176674d0dd2a23f132809e04d7ef41fefc0ab85870a5caa918c5c0d9
  languageName: node
  linkType: hard

"init-project-for-vscode-java-environment@workspace:.":
  version: 0.0.0-use.local
  resolution: "init-project-for-vscode-java-environment@workspace:."
  dependencies:
    comment-json: "npm:^4.2.5"
    prettier: "npm:3.5.0"
  languageName: unknown
  linkType: soft

"prettier@npm:3.5.0":
  version: 3.5.0
  resolution: "prettier@npm:3.5.0"
  bin:
    prettier: bin/prettier.cjs
  checksum: 10c0/6c355d74c377f5622953229d92477e8b9779162e848db90fd7e06c431deb73585d31fafc4516cf5868917825b97b9ec7c87c8d8b8e03ccd9fc9c0b7699d1a650
  languageName: node
  linkType: hard

"repeat-string@npm:^1.6.1":
  version: 1.6.1
  resolution: "repeat-string@npm:1.6.1"
  checksum: 10c0/87fa21bfdb2fbdedc44b9a5b118b7c1239bdd2c2c1e42742ef9119b7d412a5137a1d23f1a83dc6bb686f4f27429ac6f542e3d923090b44181bafa41e8ac0174d
  languageName: node
  linkType: hard
